
Microsoft Visual Studio Solution File, Format Version 12.00
# Visual Studio Version 17
VisualStudioVersion = 17.6.33801.468
MinimumVisualStudioVersion = 10.0.40219.1
Project("{FAE04EC0-301F-11D3-BF4B-00C04F79EFBC}") = "ExcelCSVToSQL", "ExcelCSVToSQL\ExcelCSVToSQL.csproj", "{4A6A9C7A-F6A6-4BB6-B820-3E7F86F8CFEA}"
EndProject
Global
	GlobalSection(SolutionConfigurationPlatforms) = preSolution
		Debug|Any CPU = Debug|Any CPU
		Release|Any CPU = Release|Any CPU
	EndGlobalSection
	GlobalSection(ProjectConfigurationPlatforms) = postSolution
		{4A6A9C7A-F6A6-4BB6-B820-3E7F86F8CFEA}.Debug|Any CPU.ActiveCfg = Debug|Any CPU
		{4A6A9C7A-F6A6-4BB6-B820-3E7F86F8CFEA}.Debug|Any CPU.Build.0 = Debug|Any CPU
		{4A6A9C7A-F6A6-4BB6-B820-3E7F86F8CFEA}.Release|Any CPU.ActiveCfg = Release|Any CPU
		{4A6A9C7A-F6A6-4BB6-B820-3E7F86F8CFEA}.Release|Any CPU.Build.0 = Release|Any CPU
	EndGlobalSection
	GlobalSection(SolutionProperties) = preSolution
		HideSolutionNode = FALSE
	EndGlobalSection
	GlobalSection(ExtensibilityGlobals) = postSolution
		SolutionGuid = {90D9A5C0-66D3-4C39-90F4-2B110CE3F314}
	EndGlobalSection
EndGlobal
